<Solution>
  <Folder Name="/src/">
    <Project Path="src/Linguistics.App/Linguistics.App.csproj" />
    <Project Path="src/Linguistics.Core/Linguistics.Core.csproj" />
  </Folder>
  <Folder Name="/tests/">
    <Project Path="tests/Linguistics.App.Tests/Linguistics.App.Tests.csproj" />
    <Project Path="tests/Linguistics.Core.Tests/Linguistics.Core.Tests.csproj" />
  </Folder>
</Solution>
